
Microsoft Visual Studio Solution File, Format Version 12.00
# Visual Studio Version 16
VisualStudioVersion = 16.0.29709.97
MinimumVisualStudioVersion = 10.0.40219.1
Project("{FAE04EC0-301F-11D3-BF4B-00C04F79EFBC}") = "PayGateDotNetServer", "PayGateDotNetServer\PayGateDotNetServer.csproj", "{81031EC9-C3D5-42B9-B1A3-3A7F5BCED472}"
EndProject
Global
	GlobalSection(SolutionConfigurationPlatforms) = preSolution
		Debug|Any CPU = Debug|Any CPU
		Release|Any CPU = Release|Any CPU
	EndGlobalSection
	GlobalSection(ProjectConfigurationPlatforms) = postSolution
		{81031EC9-C3D5-42B9-B1A3-3A7F5BCED472}.Debug|Any CPU.ActiveCfg = Debug|Any CPU
		{81031EC9-C3D5-42B9-B1A3-3A7F5BCED472}.Debug|Any CPU.Build.0 = Debug|Any CPU
		{81031EC9-C3D5-42B9-B1A3-3A7F5BCED472}.Release|Any CPU.ActiveCfg = Release|Any CPU
		{81031EC9-C3D5-42B9-B1A3-3A7F5BCED472}.Release|Any CPU.Build.0 = Release|Any CPU
	EndGlobalSection
	GlobalSection(SolutionProperties) = preSolution
		HideSolutionNode = FALSE
	EndGlobalSection
	GlobalSection(ExtensibilityGlobals) = postSolution
		SolutionGuid = {3AFD0FAD-D29A-4409-B2FC-D17A1E34581B}
	EndGlobalSection
EndGlobal
